// !$*UTF8*$!
{
	archiveVersion = 1;
	classes = {
	};
	objectVersion = 77;
	objects = {

/* Begin PBXBuildFile section */
		A10000000000000000000001 /* Assets.xcassets in Resources */ = {isa = PBXBuildFile; fileRef = A20000000000000000000001 /* Assets.xcassets */; };
		A10000000000000000000003 /* FluidAudio in Frameworks */ = {isa = PBXBuildFile; productRef = A90000000000000000000002 /* FluidAudio */; };
/* End PBXBuildFile section */

/* Begin PBXContainerItemProxy section */
		A30000000000000000000001 /* PBXContainerItemProxy */ = {
			isa = PBXContainerItemProxy;
			containerPortal = A70000000000000000000001 /* Project object */;
			proxyType = 1;
			remoteGlobalIDString = A60000000000000000000001;
			remoteInfo = MaraSR;
		};
/* End PBXContainerItemProxy section */

/* Begin PBXFileReference section */
		A20000000000000000000001 /* Assets.xcassets */ = {isa = PBXFileReference; lastKnownFileType = folder.assetcatalog; path = MaraSR/Resources/Assets.xcassets; sourceTree = "<group>"; };
		A20000000000000000000002 /* Info.plist */ = {isa = PBXFileReference; lastKnownFileType = text.plist.xml; path = MaraSR/Resources/Info.plist; sourceTree = "<group>"; };
		A20000000000000000000003 /* MaraSR.entitlements */ = {isa = PBXFileReference; lastKnownFileType = text.plist.entitlements; path = MaraSR/Resources/MaraSR.entitlements; sourceTree = "<group>"; };
		A20000000000000000000004 /* MaraSR.app */ = {isa = PBXFileReference; explicitFileType = wrapper.application; includeInIndex = 0; path = MaraSR.app; sourceTree = BUILT_PRODUCTS_DIR; };
		A20000000000000000000005 /* MaraSRTests.xctest */ = {isa = PBXFileReference; explicitFileType = wrapper.cfbundle; includeInIndex = 0; path = MaraSRTests.xctest; sourceTree = BUILT_PRODUCTS_DIR; };
/* End PBXFileReference section */

/* Begin PBXFileSystemSynchronizedRootGroup section */
		A40000000000000000000001 /* App */ = {
			isa = PBXFileSystemSynchronizedRootGroup;
			path = MaraSR/App;
			sourceTree = "<group>";
		};
		A40000000000000000000002 /* Core */ = {
			isa = PBXFileSystemSynchronizedRootGroup;
			path = MaraSR/Core;
			sourceTree = "<group>";
		};
		A40000000000000000000003 /* Features */ = {
			isa = PBXFileSystemSynchronizedRootGroup;
			path = MaraSR/Features;
			sourceTree = "<group>";
		};
		A40000000000000000000004 /* MaraSRTests */ = {
			isa = PBXFileSystemSynchronizedRootGroup;
			path = MaraSRTests;
			sourceTree = "<group>";
		};
/* End PBXFileSystemSynchronizedRootGroup section */

/* Begin PBXFrameworksBuildPhase section */
		A50000000000000000000001 /* Frameworks */ = {
			isa = PBXFrameworksBuildPhase;
			buildActionMask = 2147483647;
			files = (
				A10000000000000000000003 /* FluidAudio in Frameworks */,
			);
			runOnlyForDeploymentPostprocessing = 0;
		};
		A50000000000000000000004 /* Frameworks */ = {
			isa = PBXFrameworksBuildPhase;
			buildActionMask = 2147483647;
			files = (
			);
			runOnlyForDeploymentPostprocessing = 0;
		};
/* End PBXFrameworksBuildPhase section */

/* Begin PBXGroup section */
		A80000000000000000000001 = {
			isa = PBXGroup;
			children = (
				A40000000000000000000001 /* App */,
				A40000000000000000000002 /* Core */,
				A40000000000000000000003 /* Features */,
				A80000000000000000000003 /* Resources */,
				A40000000000000000000004 /* MaraSRTests */,
				A80000000000000000000002 /* Products */,
			);
			sourceTree = "<group>";
		};
		A80000000000000000000002 /* Products */ = {
			isa = PBXGroup;
			children = (
				A20000000000000000000004 /* MaraSR.app */,
				A20000000000000000000005 /* MaraSRTests.xctest */,
			);
			name = Products;
			sourceTree = "<group>";
		};
		A80000000000000000000003 /* Resources */ = {
			isa = PBXGroup;
			children = (
				A20000000000000000000001 /* Assets.xcassets */,
				A20000000000000000000002 /* Info.plist */,
				A20000000000000000000003 /* MaraSR.entitlements */,
			);
			name = Resources;
			sourceTree = "<group>";
		};
/* End PBXGroup section */

/* Begin PBXNativeTarget section */
		A60000000000000000000001 /* MaraSR */ = {
			isa = PBXNativeTarget;
			buildConfigurationList = AB0000000000000000000002 /* Build configuration list for PBXNativeTarget "MaraSR" */;
			buildPhases = (
				A50000000000000000000002 /* Sources */,
				A50000000000000000000001 /* Frameworks */,
				A50000000000000000000003 /* Resources */,
			);
			buildRules = (
			);
			dependencies = (
			);
			fileSystemSynchronizedGroups = (
				A40000000000000000000001 /* App */,
				A40000000000000000000002 /* Core */,
				A40000000000000000000003 /* Features */,
			);
			name = MaraSR;
			packageProductDependencies = (
				A90000000000000000000002 /* FluidAudio */,
			);
			productName = MaraSR;
			productReference = A20000000000000000000004 /* MaraSR.app */;
			productType = "com.apple.product-type.application";
		};
		A60000000000000000000002 /* MaraSRTests */ = {
			isa = PBXNativeTarget;
			buildConfigurationList = AB0000000000000000000003 /* Build configuration list for PBXNativeTarget "MaraSRTests" */;
			buildPhases = (
				A50000000000000000000005 /* Sources */,
				A50000000000000000000004 /* Frameworks */,
				A50000000000000000000006 /* Resources */,
			);
			buildRules = (
			);
			dependencies = (
				AA0000000000000000000001 /* PBXTargetDependency */,
			);
			fileSystemSynchronizedGroups = (
				A40000000000000000000004 /* MaraSRTests */,
			);
			name = MaraSRTests;
			packageProductDependencies = (
			);
			productName = MaraSRTests;
			productReference = A20000000000000000000005 /* MaraSRTests.xctest */;
			productType = "com.apple.product-type.bundle.unit-test";
		};
/* End PBXNativeTarget section */

/* Begin PBXProject section */
		A70000000000000000000001 /* Project object */ = {
			isa = PBXProject;
			attributes = {
				BuildIndependentTargetsInParallel = 1;
				LastSwiftUpdateCheck = 2630;
				LastUpgradeCheck = 2630;
				TargetAttributes = {
					A60000000000000000000001 = {
						CreatedOnToolsVersion = 26.3;
					};
					A60000000000000000000002 = {
						CreatedOnToolsVersion = 26.3;
						TestTargetID = A60000000000000000000001;
					};
				};
			};
			buildConfigurationList = AB0000000000000000000001 /* Build configuration list for PBXProject "MaraSR" */;
			developmentRegion = en;
			hasScannedForEncodings = 0;
			knownRegions = (
				en,
				Base,
			);
			mainGroup = A80000000000000000000001;
			minimizedProjectReferenceProxies = 1;
			packageReferences = (
				AC0000000000000000000002 /* XCRemoteSwiftPackageReference "FluidAudio" */,
			);
			preferredProjectObjectVersion = 77;
			productRefGroup = A80000000000000000000002 /* Products */;
			projectDirPath = "";
			projectRoot = "";
			targets = (
				A60000000000000000000001 /* MaraSR */,
				A60000000000000000000002 /* MaraSRTests */,
			);
		};
/* End PBXProject section */

/* Begin PBXResourcesBuildPhase section */
		A50000000000000000000003 /* Resources */ = {
			isa = PBXResourcesBuildPhase;
			buildActionMask = 2147483647;
			files = (
				A10000000000000000000001 /* Assets.xcassets in Resources */,
			);
			runOnlyForDeploymentPostprocessing = 0;
		};
		A50000000000000000000006 /* Resources */ = {
			isa = PBXResourcesBuildPhase;
			buildActionMask = 2147483647;
			files = (
			);
			runOnlyForDeploymentPostprocessing = 0;
		};
/* End PBXResourcesBuildPhase section */

/* Begin PBXSourcesBuildPhase section */
		A50000000000000000000002 /* Sources */ = {
			isa = PBXSourcesBuildPhase;
			buildActionMask = 2147483647;
			files = (
			);
			runOnlyForDeploymentPostprocessing = 0;
		};
		A50000000000000000000005 /* Sources */ = {
			isa = PBXSourcesBuildPhase;
			buildActionMask = 2147483647;
			files = (
			);
			runOnlyForDeploymentPostprocessing = 0;
		};
/* End PBXSourcesBuildPhase section */

/* Begin PBXTargetDependency section */
		AA0000000000000000000001 /* PBXTargetDependency */ = {
			isa = PBXTargetDependency;
			target = A60000000000000000000001 /* MaraSR */;
			targetProxy = A30000000000000000000001 /* PBXContainerItemProxy */;
		};
/* End PBXTargetDependency section */

/* Begin XCBuildConfiguration section */
		AD0000000000000000000001 /* Debug */ = {
			isa = XCBuildConfiguration;
			buildSettings = {
				ALWAYS_SEARCH_USER_PATHS = NO;
				CLANG_ENABLE_MODULES = YES;
				CLANG_ENABLE_OBJC_ARC = YES;
				COPY_PHASE_STRIP = NO;
				DEBUG_INFORMATION_FORMAT = dwarf;
				ENABLE_TESTABILITY = YES;
				GCC_C_LANGUAGE_STANDARD = gnu17;
				GCC_OPTIMIZATION_LEVEL = 0;
				MACOSX_DEPLOYMENT_TARGET = 15.0;
				MTL_ENABLE_DEBUG_INFO = INCLUDE_SOURCE;
				ONLY_ACTIVE_ARCH = YES;
				SDKROOT = macosx;
				SWIFT_ACTIVE_COMPILATION_CONDITIONS = "DEBUG $(inherited)";
				SWIFT_OPTIMIZATION_LEVEL = "-Onone";
				SWIFT_STRICT_CONCURRENCY = complete;
			};
			name = Debug;
		};
		AD0000000000000000000002 /* Release */ = {
			isa = XCBuildConfiguration;
			buildSettings = {
				ALWAYS_SEARCH_USER_PATHS = NO;
				CLANG_ENABLE_MODULES = YES;
				CLANG_ENABLE_OBJC_ARC = YES;
				COPY_PHASE_STRIP = NO;
				DEBUG_INFORMATION_FORMAT = "dwarf-with-dsym";
				ENABLE_NS_ASSERTIONS = NO;
				GCC_C_LANGUAGE_STANDARD = gnu17;
				MACOSX_DEPLOYMENT_TARGET = 15.0;
				MTL_ENABLE_DEBUG_INFO = NO;
				SDKROOT = macosx;
				SWIFT_COMPILATION_MODE = wholemodule;
				SWIFT_OPTIMIZATION_LEVEL = "-O";
				SWIFT_STRICT_CONCURRENCY = complete;
			};
			name = Release;
		};
		AD0000000000000000000003 /* Debug */ = {
			isa = XCBuildConfiguration;
			buildSettings = {
				ASSETCATALOG_COMPILER_ACCENT_COLOR_NAME = AccentColor;
				ASSETCATALOG_COMPILER_APPICON_NAME = AppIcon;
				CODE_SIGN_ENTITLEMENTS = MaraSR/Resources/MaraSR.entitlements;
				CODE_SIGN_IDENTITY = "Apple Development";
				CODE_SIGN_STYLE = Manual;
				CURRENT_PROJECT_VERSION = 1;
				DEVELOPMENT_TEAM = H8B5TBGYSC;
				ENABLE_APP_SANDBOX = YES;
				ENABLE_HARDENED_RUNTIME = YES;
				GENERATE_INFOPLIST_FILE = NO;
				INFOPLIST_FILE = MaraSR/Resources/Info.plist;
				LD_RUNPATH_SEARCH_PATHS = (
					"$(inherited)",
					"@executable_path/../Frameworks",
				);
				MARKETING_VERSION = 0.1.0;
				PRODUCT_BUNDLE_IDENTIFIER = com.mariano.marasr;
				PRODUCT_NAME = "$(TARGET_NAME)";
				REGISTER_APP_GROUPS = NO;
				SWIFT_EMIT_LOC_STRINGS = YES;
				SWIFT_VERSION = 6.0;
			};
			name = Debug;
		};
		AD0000000000000000000004 /* Release */ = {
			isa = XCBuildConfiguration;
			buildSettings = {
				ASSETCATALOG_COMPILER_ACCENT_COLOR_NAME = AccentColor;
				ASSETCATALOG_COMPILER_APPICON_NAME = AppIcon;
				CODE_SIGN_ENTITLEMENTS = MaraSR/Resources/MaraSR.entitlements;
				CODE_SIGN_IDENTITY = "Apple Development";
				CODE_SIGN_STYLE = Manual;
				CURRENT_PROJECT_VERSION = 1;
				DEVELOPMENT_TEAM = H8B5TBGYSC;
				ENABLE_APP_SANDBOX = YES;
				ENABLE_HARDENED_RUNTIME = YES;
				GENERATE_INFOPLIST_FILE = NO;
				INFOPLIST_FILE = MaraSR/Resources/Info.plist;
				LD_RUNPATH_SEARCH_PATHS = (
					"$(inherited)",
					"@executable_path/../Frameworks",
				);
				MARKETING_VERSION = 0.1.0;
				PRODUCT_BUNDLE_IDENTIFIER = com.mariano.marasr;
				PRODUCT_NAME = "$(TARGET_NAME)";
				REGISTER_APP_GROUPS = NO;
				SWIFT_EMIT_LOC_STRINGS = YES;
				SWIFT_VERSION = 6.0;
			};
			name = Release;
		};
		AD0000000000000000000005 /* Debug */ = {
			isa = XCBuildConfiguration;
			buildSettings = {
				BUNDLE_LOADER = "$(TEST_HOST)";
				CODE_SIGN_IDENTITY = "Apple Development";
				CODE_SIGN_STYLE = Manual;
				DEVELOPMENT_TEAM = H8B5TBGYSC;
				GENERATE_INFOPLIST_FILE = YES;
				LD_RUNPATH_SEARCH_PATHS = (
					"$(inherited)",
					"@executable_path/../Frameworks",
					"@loader_path/../Frameworks",
				);
				PRODUCT_BUNDLE_IDENTIFIER = com.mariano.marasr.tests;
				PRODUCT_NAME = "$(TARGET_NAME)";
				SWIFT_VERSION = 6.0;
				TEST_HOST = "$(BUILT_PRODUCTS_DIR)/MaraSR.app/Contents/MacOS/MaraSR";
			};
			name = Debug;
		};
		AD0000000000000000000006 /* Release */ = {
			isa = XCBuildConfiguration;
			buildSettings = {
				BUNDLE_LOADER = "$(TEST_HOST)";
				CODE_SIGN_IDENTITY = "Apple Development";
				CODE_SIGN_STYLE = Manual;
				DEVELOPMENT_TEAM = H8B5TBGYSC;
				GENERATE_INFOPLIST_FILE = YES;
				LD_RUNPATH_SEARCH_PATHS = (
					"$(inherited)",
					"@executable_path/../Frameworks",
					"@loader_path/../Frameworks",
				);
				PRODUCT_BUNDLE_IDENTIFIER = com.mariano.marasr.tests;
				PRODUCT_NAME = "$(TARGET_NAME)";
				SWIFT_VERSION = 6.0;
				TEST_HOST = "$(BUILT_PRODUCTS_DIR)/MaraSR.app/Contents/MacOS/MaraSR";
			};
			name = Release;
		};
/* End XCBuildConfiguration section */

/* Begin XCConfigurationList section */
		AB0000000000000000000001 /* Build configuration list for PBXProject "MaraSR" */ = {
			isa = XCConfigurationList;
			buildConfigurations = (
				AD0000000000000000000001 /* Debug */,
				AD0000000000000000000002 /* Release */,
			);
			defaultConfigurationIsVisible = 0;
			defaultConfigurationName = Release;
		};
		AB0000000000000000000002 /* Build configuration list for PBXNativeTarget "MaraSR" */ = {
			isa = XCConfigurationList;
			buildConfigurations = (
				AD0000000000000000000003 /* Debug */,
				AD0000000000000000000004 /* Release */,
			);
			defaultConfigurationIsVisible = 0;
			defaultConfigurationName = Release;
		};
		AB0000000000000000000003 /* Build configuration list for PBXNativeTarget "MaraSRTests" */ = {
			isa = XCConfigurationList;
			buildConfigurations = (
				AD0000000000000000000005 /* Debug */,
				AD0000000000000000000006 /* Release */,
			);
			defaultConfigurationIsVisible = 0;
			defaultConfigurationName = Release;
		};
/* End XCConfigurationList section */

/* Begin XCRemoteSwiftPackageReference section */
		AC0000000000000000000002 /* XCRemoteSwiftPackageReference "FluidAudio" */ = {
			isa = XCRemoteSwiftPackageReference;
			repositoryURL = "https://github.com/FluidInference/FluidAudio.git";
			requirement = {
				kind = upToNextMajorVersion;
				minimumVersion = 0.12.4;
			};
		};
/* End XCRemoteSwiftPackageReference section */

/* Begin XCSwiftPackageProductDependency section */
		A90000000000000000000002 /* FluidAudio */ = {
			isa = XCSwiftPackageProductDependency;
			package = AC0000000000000000000002 /* XCRemoteSwiftPackageReference "FluidAudio" */;
			productName = FluidAudio;
		};
/* End XCSwiftPackageProductDependency section */
	};
	rootObject = A70000000000000000000001 /* Project object */;
}
