{
  "originHash" : "d526b956b2941e51520eb1a181d281939054defb03feb9302533a12952391e2e",
  "pins" : [
    {
      "identity" : "fluidaudio",
      "kind" : "remoteSourceControl",
      "location" : "https://github.com/FluidInference/FluidAudio.git",
      "state" : {
        "revision" : "0b1f46289fe27d95b5e66ad8be46e64f5ee02ae7",
        "version" : "0.17.5"
      }
    }
  ],
  "version" : 3
}
